// !$*UTF8*$!
{
	archiveVersion = 1;
	classes = {
	};
	objectVersion = 46;
	objects = {

/* Begin PBXBuildFile section */
		1AD833791F505CEF007DF175 /* AppDelegate.swift in Sources */ = {isa = PBXBuildFile; fileRef = 1AD833781F505CEF007DF175 /* AppDelegate.swift */; };
		1AD8337B1F505CEF007DF175 /* ViewController.swift in Sources */ = {isa = PBXBuildFile; fileRef = 1AD8337A1F505CEF007DF175 /* ViewController.swift */; };
		1AD8337E1F505CEF007DF175 /* Main.storyboard in Resources */ = {isa = PBXBuildFile; fileRef = 1AD8337C1F505CEF007DF175 /* Main.storyboard */; };
		1AD833811F505CEF007DF175 /* DreamLister.xcdatamodeld in Sources */ = {isa = PBXBuildFile; fileRef = 1AD8337F1F505CEF007DF175 /* DreamLister.xcdatamodeld */; };
		1AD833831F505CEF007DF175 /* Assets.xcassets in Resources */ = {isa = PBXBuildFile; fileRef = 1AD833821F505CEF007DF175 /* Assets.xcassets */; };
		1AD833861F505CEF007DF175 /* LaunchScreen.storyboard in Resources */ = {isa = PBXBuildFile; fileRef = 1AD833841F505CEF007DF175 /* LaunchScreen.storyboard */; };
/* End PBXBuildFile section */

/* Begin PBXFileReference section */
		1AD833751F505CEF007DF175 /* DreamLister.app */ = {isa = PBXFileReference; explicitFileType = wrapper.application; includeInIndex = 0; path = DreamLister.app; sourceTree = BUILT_PRODUCTS_DIR; };
		1AD833781F505CEF007DF175 /* AppDelegate.swift */ = {isa = PBXFileReference; lastKnownFileType = sourcecode.swift; path = AppDelegate.swift; sourceTree = "<group>"; };
		1AD8337A1F505CEF007DF175 /* ViewController.swift */ = {isa = PBXFileReference; lastKnownFileType = sourcecode.swift; path = ViewController.swift; sourceTree = "<group>"; };
		1AD8337D1F505CEF007DF175 /* Base */ = {isa = PBXFileReference; lastKnownFileType = file.storyboard; name = Base; path = Base.lproj/Main.storyboard; sourceTree = "<group>"; };
		1AD833801F505CEF007DF175 /* DreamLister.xcdatamodel */ = {isa = PBXFileReference; lastKnownFileType = wrapper.xcdatamodel; path = DreamLister.xcdatamodel; sourceTree = "<group>"; };
		1AD833821F505CEF007DF175 /* Assets.xcassets */ = {isa = PBXFileReference; lastKnownFileType = folder.assetcatalog; path = Assets.xcassets; sourceTree = "<group>"; };
		1AD833851F505CEF007DF175 /* Base */ = {isa = PBXFileReference; lastKnownFileType = file.storyboard; name = Base; path = Base.lproj/LaunchScreen.storyboard; sourceTree = "<group>"; };
		1AD833871F505CEF007DF175 /* Info.plist */ = {isa = PBXFileReference; lastKnownFileType = text.plist.xml; path = Info.plist; sourceTree = "<group>"; };
/* End PBXFileReference section */

/* Begin PBXFrameworksBuildPhase section */
		1AD833721F505CEF007DF175 /* Frameworks */ = {
			isa = PBXFrameworksBuildPhase;
			buildActionMask = 2147483647;
			files = (
			);
			runOnlyForDeploymentPostprocessing = 0;
		};
/* End PBXFrameworksBuildPhase section */

/* Begin PBXGroup section */
		1AD8336C1F505CEF007DF175 = {
			isa = PBXGroup;
			children = (
				1AD833771F505CEF007DF175 /* DreamLister */,
				1AD833761F505CEF007DF175 /* Products */,
			);
			sourceTree = "<group>";
		};
		1AD833761F505CEF007DF175 /* Products */ = {
			isa = PBXGroup;
			children = (
				1AD833751F505CEF007DF175 /* DreamLister.app */,
			);
			name = Products;
			sourceTree = "<group>";
		};
		1AD833771F505CEF007DF175 /* DreamLister */ = {
			isa = PBXGroup;
			children = (
				1AD833781F505CEF007DF175 /* AppDelegate.swift */,
				1AD8337A1F505CEF007DF175 /* ViewController.swift */,
				1AD8337C1F505CEF007DF175 /* Main.storyboard */,
				1AD833821F505CEF007DF175 /* Assets.xcassets */,
				1AD833841F505CEF007DF175 /* LaunchScreen.storyboard */,
				1AD833871F505CEF007DF175 /* Info.plist */,
				1AD8337F1F505CEF007DF175 /* DreamLister.xcdatamodeld */,
			);
			path = DreamLister;
			sourceTree = "<group>";
		};
/* End PBXGroup section */

/* Begin PBXNativeTarget section */
		1AD833741F505CEF007DF175 /* DreamLister */ = {
			isa = PBXNativeTarget;
			buildConfigurationList = 1AD8338A1F505CEF007DF175 /* Build configuration list for PBXNativeTarget "DreamLister" */;
			buildPhases = (
				1AD833711F505CEF007DF175 /* Sources */,
				1AD833721F505CEF007DF175 /* Frameworks */,
				1AD833731F505CEF007DF175 /* Resources */,
			);
			buildRules = (
			);
			dependencies = (
			);
			name = DreamLister;
			productName = DreamLister;
			productReference = 1AD833751F505CEF007DF175 /* DreamLister.app */;
			productType = "com.apple.product-type.application";
		};
/* End PBXNativeTarget section */

/* Begin PBXProject section */
		1AD8336D1F505CEF007DF175 /* Project object */ = {
			isa = PBXProject;
			attributes = {
				LastSwiftUpdateCheck = 0830;
				LastUpgradeCheck = 0830;
				ORGANIZATIONNAME = "James McLean";
				TargetAttributes = {
					1AD833741F505CEF007DF175 = {
						CreatedOnToolsVersion = 8.3.3;
						DevelopmentTeam = V2654A77S8;
						ProvisioningStyle = Automatic;
					};
				};
			};
			buildConfigurationList = 1AD833701F505CEF007DF175 /* Build configuration list for PBXProject "DreamLister" */;
			compatibilityVersion = "Xcode 3.2";
			developmentRegion = English;
			hasScannedForEncodings = 0;
			knownRegions = (
				en,
				Base,
			);
			mainGroup = 1AD8336C1F505CEF007DF175;
			productRefGroup = 1AD833761F505CEF007DF175 /* Products */;
			projectDirPath = "";
			projectRoot = "";
			targets = (
				1AD833741F505CEF007DF175 /* DreamLister */,
			);
		};
/* End PBXProject section */

/* Begin PBXResourcesBuildPhase section */
		1AD833731F505CEF007DF175 /* Resources */ = {
			isa = PBXResourcesBuildPhase;
			buildActionMask = 2147483647;
			files = (
				1AD833861F505CEF007DF175 /* LaunchScreen.storyboard in Resources */,
				1AD833831F505CEF007DF175 /* Assets.xcassets in Resources */,
				1AD8337E1F505CEF007DF175 /* Main.storyboard in Resources */,
			);
			runOnlyForDeploymentPostprocessing = 0;
		};
/* End PBXResourcesBuildPhase section */

/* Begin PBXSourcesBuildPhase section */
		1AD833711F505CEF007DF175 /* Sources */ = {
			isa = PBXSourcesBuildPhase;
			buildActionMask = 2147483647;
			files = (
				1AD8337B1F505CEF007DF175 /* ViewController.swift in Sources */,
				1AD833791F505CEF007DF175 /* AppDelegate.swift in Sources */,
				1AD833811F505CEF007DF175 /* DreamLister.xcdatamodeld in Sources */,
			);
			runOnlyForDeploymentPostprocessing = 0;
		};
/* End PBXSourcesBuildPhase section */

/* Begin PBXVariantGroup section */
		1AD8337C1F505CEF007DF175 /* Main.storyboard */ = {
			isa = PBXVariantGroup;
			children = (
				1AD8337D1F505CEF007DF175 /* Base */,
			);
			name = Main.storyboard;
			sourceTree = "<group>";
		};
		1AD833841F505CEF007DF175 /* LaunchScreen.storyboard */ = {
			isa = PBXVariantGroup;
			children = (
				1AD833851F505CEF007DF175 /* Base */,
			);
			name = LaunchScreen.storyboard;
			sourceTree = "<group>";
		};
/* End PBXVariantGroup section */

/* Begin XCBuildConfiguration section */
		1AD833881F505CEF007DF175 /* Debug */ = {
			isa = XCBuildConfiguration;
			buildSettings = {
				ALWAYS_SEARCH_USER_PATHS = NO;
				CLANG_ANALYZER_NONNULL = YES;
				CLANG_ANALYZER_NUMBER_OBJECT_CONVERSION = YES_AGGRESSIVE;
				CLANG_CXX_LANGUAGE_STANDARD = "gnu++0x";
				CLANG_CXX_LIBRARY = "libc++";
				CLANG_ENABLE_MODULES = YES;
				CLANG_ENABLE_OBJC_ARC = YES;
				CLANG_WARN_BOOL_CONVERSION = YES;
				CLANG_WARN_CONSTANT_CONVERSION = YES;
				CLANG_WARN_DIRECT_OBJC_ISA_USAGE = YES_ERROR;
				CLANG_WARN_DOCUMENTATION_COMMENTS = YES;
				CLANG_WARN_EMPTY_BODY = YES;
				CLANG_WARN_ENUM_CONVERSION = YES;
				CLANG_WARN_INFINITE_RECURSION = YES;
				CLANG_WARN_INT_CONVERSION = YES;
				CLANG_WARN_OBJC_ROOT_CLASS = YES_ERROR;
				CLANG_WARN_SUSPICIOUS_MOVE = YES;
				CLANG_WARN_UNREACHABLE_CODE = YES;
				CLANG_WARN__DUPLICATE_METHOD_MATCH = YES;
				"CODE_SIGN_IDENTITY[sdk=iphoneos*]" = "iPhone Developer";
				COPY_PHASE_STRIP = NO;
				DEBUG_INFORMATION_FORMAT = dwarf;
				ENABLE_STRICT_OBJC_MSGSEND = YES;
				ENABLE_TESTABILITY = YES;
				GCC_C_LANGUAGE_STANDARD = gnu99;
				GCC_DYNAMIC_NO_PIC = NO;
				GCC_NO_COMMON_BLOCKS = YES;
				GCC_OPTIMIZATION_LEVEL = 0;
				GCC_PREPROCESSOR_DEFINITIONS = (
					"DEBUG=1",
					"$(inherited)",
				);
				GCC_WARN_64_TO_32_BIT_CONVERSION = YES;
				GCC_WARN_ABOUT_RETURN_TYPE = YES_ERROR;
				GCC_WARN_UNDECLARED_SELECTOR = YES;
				GCC_WARN_UNINITIALIZED_AUTOS = YES_AGGRESSIVE;
				GCC_WARN_UNUSED_FUNCTION = YES;
				GCC_WARN_UNUSED_VARIABLE = YES;
				IPHONEOS_DEPLOYMENT_TARGET = 10.3;
				MTL_ENABLE_DEBUG_INFO = YES;
				ONLY_ACTIVE_ARCH = YES;
				SDKROOT = iphoneos;
				SWIFT_ACTIVE_COMPILATION_CONDITIONS = DEBUG;
				SWIFT_OPTIMIZATION_LEVEL = "-Onone";
			};
			name = Debug;
		};
		1AD833891F505CEF007DF175 /* Release */ = {
			isa = XCBuildConfiguration;
			buildSettings = {
				ALWAYS_SEARCH_USER_PATHS = NO;
				CLANG_ANALYZER_NONNULL = YES;
				CLANG_ANALYZER_NUMBER_OBJECT_CONVERSION = YES_AGGRESSIVE;
				CLANG_CXX_LANGUAGE_STANDARD = "gnu++0x";
				CLANG_CXX_LIBRARY = "libc++";
				CLANG_ENABLE_MODULES = YES;
				CLANG_ENABLE_OBJC_ARC = YES;
				CLANG_WARN_BOOL_CONVERSION = YES;
				CLANG_WARN_CONSTANT_CONVERSION = YES;
				CLANG_WARN_DIRECT_OBJC_ISA_USAGE = YES_ERROR;
				CLANG_WARN_DOCUMENTATION_COMMENTS = YES;
				CLANG_WARN_EMPTY_BODY = YES;
				CLANG_WARN_ENUM_CONVERSION = YES;
				CLANG_WARN_INFINITE_RECURSION = YES;
				CLANG_WARN_INT_CONVERSION = YES;
				CLANG_WARN_OBJC_ROOT_CLASS = YES_ERROR;
				CLANG_WARN_SUSPICIOUS_MOVE = YES;
				CLANG_WARN_UNREACHABLE_CODE = YES;
				CLANG_WARN__DUPLICATE_METHOD_MATCH = YES;
				"CODE_SIGN_IDENTITY[sdk=iphoneos*]" = "iPhone Developer";
				COPY_PHASE_STRIP = NO;
				DEBUG_INFORMATION_FORMAT = "dwarf-with-dsym";
				ENABLE_NS_ASSERTIONS = NO;
				ENABLE_STRICT_OBJC_MSGSEND = YES;
				GCC_C_LANGUAGE_STANDARD = gnu99;
				GCC_NO_COMMON_BLOCKS = YES;
				GCC_WARN_64_TO_32_BIT_CONVERSION = YES;
				GCC_WARN_ABOUT_RETURN_TYPE = YES_ERROR;
				GCC_WARN_UNDECLARED_SELECTOR = YES;
				GCC_WARN_UNINITIALIZED_AUTOS = YES_AGGRESSIVE;
				GCC_WARN_UNUSED_FUNCTION = YES;
				GCC_WARN_UNUSED_VARIABLE = YES;
				IPHONEOS_DEPLOYMENT_TARGET = 10.3;
				MTL_ENABLE_DEBUG_INFO = NO;
				SDKROOT = iphoneos;
				SWIFT_OPTIMIZATION_LEVEL = "-Owholemodule";
				VALIDATE_PRODUCT = YES;
			};
			name = Release;
		};
		1AD8338B1F505CEF007DF175 /* Debug */ = {
			isa = XCBuildConfiguration;
			buildSettings = {
				ASSETCATALOG_COMPILER_APPICON_NAME = AppIcon;
				DEVELOPMENT_TEAM = V2654A77S8;
				INFOPLIST_FILE = DreamLister/Info.plist;
				LD_RUNPATH_SEARCH_PATHS = "$(inherited) @executable_path/Frameworks";
				PRODUCT_BUNDLE_IDENTIFIER = JamesMcLeanApps.DreamLister;
				PRODUCT_NAME = "$(TARGET_NAME)";
				SWIFT_VERSION = 3.0;
			};
			name = Debug;
		};
		1AD8338C1F505CEF007DF175 /* Release */ = {
			isa = XCBuildConfiguration;
			buildSettings = {
				ASSETCATALOG_COMPILER_APPICON_NAME = AppIcon;
				DEVELOPMENT_TEAM = V2654A77S8;
				INFOPLIST_FILE = DreamLister/Info.plist;
				LD_RUNPATH_SEARCH_PATHS = "$(inherited) @executable_path/Frameworks";
				PRODUCT_BUNDLE_IDENTIFIER = JamesMcLeanApps.DreamLister;
				PRODUCT_NAME = "$(TARGET_NAME)";
				SWIFT_VERSION = 3.0;
			};
			name = Release;
		};
/* End XCBuildConfiguration section */

/* Begin XCConfigurationList section */
		1AD833701F505CEF007DF175 /* Build configuration list for PBXProject "DreamLister" */ = {
			isa = XCConfigurationList;
			buildConfigurations = (
				1AD833881F505CEF007DF175 /* Debug */,
				1AD833891F505CEF007DF175 /* Release */,
			);
			defaultConfigurationIsVisible = 0;
			defaultConfigurationName = Release;
		};
		1AD8338A1F505CEF007DF175 /* Build configuration list for PBXNativeTarget "DreamLister" */ = {
			isa = XCConfigurationList;
			buildConfigurations = (
				1AD8338B1F505CEF007DF175 /* Debug */,
				1AD8338C1F505CEF007DF175 /* Release */,
			);
			defaultConfigurationIsVisible = 0;
		};
/* End XCConfigurationList section */

/* Begin XCVersionGroup section */
		1AD8337F1F505CEF007DF175 /* DreamLister.xcdatamodeld */ = {
			isa = XCVersionGroup;
			children = (
				1AD833801F505CEF007DF175 /* DreamLister.xcdatamodel */,
			);
			currentVersion = 1AD833801F505CEF007DF175 /* DreamLister.xcdatamodel */;
			path = DreamLister.xcdatamodeld;
			sourceTree = "<group>";
			versionGroupType = wrapper.xcdatamodel;
		};
/* End XCVersionGroup section */
	};
	rootObject = 1AD8336D1F505CEF007DF175 /* Project object */;
}
